
Microsoft Visual Studio Solution File, Format Version 12.00
# Visual Studio Version 17
VisualStudioVersion = 17.0.31903.59
MinimumVisualStudioVersion = 10.0.40219.1
Project("{FAE04EC0-301F-11D3-BF4B-00C04F79EFBC}") = "Domain", "Domain\Domain.csproj", "{6B844AD3-9DCC-48C4-8B59-C09A373EE540}"
EndProject
Project("{FAE04EC0-301F-11D3-BF4B-00C04F79EFBC}") = "Infrastructure", "Infrastructure\Infrastructure.csproj", "{44847050-7A0E-4585-ACF5-3428DEEB8A88}"
EndProject
Global
	GlobalSection(SolutionConfigurationPlatforms) = preSolution
		Debug|Any CPU = Debug|Any CPU
		Release|Any CPU = Release|Any CPU
	EndGlobalSection
	GlobalSection(ProjectConfigurationPlatforms) = postSolution
		{6B844AD3-9DCC-48C4-8B59-C09A373EE540}.Debug|Any CPU.ActiveCfg = Debug|Any CPU
		{6B844AD3-9DCC-48C4-8B59-C09A373EE540}.Debug|Any CPU.Build.0 = Debug|Any CPU
		{6B844AD3-9DCC-48C4-8B59-C09A373EE540}.Release|Any CPU.ActiveCfg = Release|Any CPU
		{6B844AD3-9DCC-48C4-8B59-C09A373EE540}.Release|Any CPU.Build.0 = Release|Any CPU
		{44847050-7A0E-4585-ACF5-3428DEEB8A88}.Debug|Any CPU.ActiveCfg = Debug|Any CPU
		{44847050-7A0E-4585-ACF5-3428DEEB8A88}.Debug|Any CPU.Build.0 = Debug|Any CPU
		{44847050-7A0E-4585-ACF5-3428DEEB8A88}.Release|Any CPU.ActiveCfg = Release|Any CPU
		{44847050-7A0E-4585-ACF5-3428DEEB8A88}.Release|Any CPU.Build.0 = Release|Any CPU
	EndGlobalSection
	GlobalSection(SolutionProperties) = preSolution
		HideSolutionNode = FALSE
	EndGlobalSection
EndGlobal
